{
  "name": "Final_project",
  "lockfileVersion": 2,
  "requires": true,
  "packages": {
    "": {
      "dependencies": {
        "material-avatar": "^0.3.5"
      }
    },
    "node_modules/material-avatar": {
      "version": "0.3.5",
      "resolved": "https://registry.npmjs.org/material-avatar/-/material-avatar-0.3.5.tgz",
      "integrity": "sha512-JuC0osXvBUmcRgMr5bOJhLQ5EaegEwy/ds5UwGpVbZaHkhAOM8yoxR1XhTtBwCKilKS7e4OIfidG7BEg8kYXsw=="
    }
  },
  "dependencies": {
    "material-avatar": {
      "version": "0.3.5",
      "resolved": "https://registry.npmjs.org/material-avatar/-/material-avatar-0.3.5.tgz",
      "integrity": "sha512-JuC0osXvBUmcRgMr5bOJhLQ5EaegEwy/ds5UwGpVbZaHkhAOM8yoxR1XhTtBwCKilKS7e4OIfidG7BEg8kYXsw=="
    }
  }
}
